<?xml version="1.0" encoding="utf-8"?>
<Project ToolsVersion="16.0" xmlns="http://schemas.microsoft.com/developer/msbuild/2003">
  <ItemGroup>
    <ClCompile Include="C:\Users\joshf\Documents\Nodejs\Stream\gstream\src\main.cpp">
      <Filter>Source Files</Filter>
    </ClCompile>
    <ClCompile Include="C:\Users\joshf\Documents\Nodejs\Stream\gstream\src\socketServer.cpp">
      <Filter>Source Files</Filter>
    </ClCompile>
    <ClCompile Include="C:\Users\joshf\Documents\Nodejs\Stream\gstream\src\mediaServer.cpp">
      <Filter>Source Files</Filter>
    </ClCompile>
  </ItemGroup>
  <ItemGroup>
    <CustomBuild Include="C:\Users\joshf\Documents\Nodejs\Stream\gstream\CmakeLists.txt" />
  </ItemGroup>
  <ItemGroup>
    <Filter Include="Source Files">
      <UniqueIdentifier>{71CFB013-3185-38F7-BC2B-961D5EA751B7}</UniqueIdentifier>
    </Filter>
  </ItemGroup>
</Project>
