
Microsoft Visual Studio Solution File, Format Version 12.00
# Visual Studio Version 16
Project("{8BC9CEB8-8B4A-11D0-8D11-00A0C91BC942}") = "ALL_BUILD", "ALL_BUILD.vcxproj", "{699C5D9D-3523-39D1-9879-ADCEA90341E8}"
	ProjectSection(ProjectDependencies) = postProject
		{B6CCE8D1-54DE-384C-A673-5705C822081C} = {B6CCE8D1-54DE-384C-A673-5705C822081C}
		{F40B4418-595B-35BC-A97D-B206E7383022} = {F40B4418-595B-35BC-A97D-B206E7383022}
	EndProjectSection
EndProject
Project("{8BC9CEB8-8B4A-11D0-8D11-00A0C91BC942}") = "ZERO_CHECK", "ZERO_CHECK.vcxproj", "{B6CCE8D1-54DE-384C-A673-5705C822081C}"
	ProjectSection(ProjectDependencies) = postProject
	EndProjectSection
EndProject
Project("{8BC9CEB8-8B4A-11D0-8D11-00A0C91BC942}") = "gstream_switch", "gstream_switch.vcxproj", "{F40B4418-595B-35BC-A97D-B206E7383022}"
	ProjectSection(ProjectDependencies) = postProject
		{B6CCE8D1-54DE-384C-A673-5705C822081C} = {B6CCE8D1-54DE-384C-A673-5705C822081C}
	EndProjectSection
EndProject
Global
	GlobalSection(SolutionConfigurationPlatforms) = preSolution
		Debug|x64 = Debug|x64
		Release|x64 = Release|x64
		MinSizeRel|x64 = MinSizeRel|x64
		RelWithDebInfo|x64 = RelWithDebInfo|x64
	EndGlobalSection
	GlobalSection(ProjectConfigurationPlatforms) = postSolution
		{699C5D9D-3523-39D1-9879-ADCEA90341E8}.Debug|x64.ActiveCfg = Debug|x64
		{699C5D9D-3523-39D1-9879-ADCEA90341E8}.Release|x64.ActiveCfg = Release|x64
		{699C5D9D-3523-39D1-9879-ADCEA90341E8}.MinSizeRel|x64.ActiveCfg = MinSizeRel|x64
		{699C5D9D-3523-39D1-9879-ADCEA90341E8}.RelWithDebInfo|x64.ActiveCfg = RelWithDebInfo|x64
		{B6CCE8D1-54DE-384C-A673-5705C822081C}.Debug|x64.ActiveCfg = Debug|x64
		{B6CCE8D1-54DE-384C-A673-5705C822081C}.Debug|x64.Build.0 = Debug|x64
		{B6CCE8D1-54DE-384C-A673-5705C822081C}.Release|x64.ActiveCfg = Release|x64
		{B6CCE8D1-54DE-384C-A673-5705C822081C}.Release|x64.Build.0 = Release|x64
		{B6CCE8D1-54DE-384C-A673-5705C822081C}.MinSizeRel|x64.ActiveCfg = MinSizeRel|x64
		{B6CCE8D1-54DE-384C-A673-5705C822081C}.MinSizeRel|x64.Build.0 = MinSizeRel|x64
		{B6CCE8D1-54DE-384C-A673-5705C822081C}.RelWithDebInfo|x64.ActiveCfg = RelWithDebInfo|x64
		{B6CCE8D1-54DE-384C-A673-5705C822081C}.RelWithDebInfo|x64.Build.0 = RelWithDebInfo|x64
		{F40B4418-595B-35BC-A97D-B206E7383022}.Debug|x64.ActiveCfg = Debug|x64
		{F40B4418-595B-35BC-A97D-B206E7383022}.Debug|x64.Build.0 = Debug|x64
		{F40B4418-595B-35BC-A97D-B206E7383022}.Release|x64.ActiveCfg = Release|x64
		{F40B4418-595B-35BC-A97D-B206E7383022}.Release|x64.Build.0 = Release|x64
		{F40B4418-595B-35BC-A97D-B206E7383022}.MinSizeRel|x64.ActiveCfg = MinSizeRel|x64
		{F40B4418-595B-35BC-A97D-B206E7383022}.MinSizeRel|x64.Build.0 = MinSizeRel|x64
		{F40B4418-595B-35BC-A97D-B206E7383022}.RelWithDebInfo|x64.ActiveCfg = RelWithDebInfo|x64
		{F40B4418-595B-35BC-A97D-B206E7383022}.RelWithDebInfo|x64.Build.0 = RelWithDebInfo|x64
	EndGlobalSection
	GlobalSection(ExtensibilityGlobals) = postSolution
		SolutionGuid = {B42F3B2C-4CF0-3EBE-943A-B6236B3D3B2B}
	EndGlobalSection
	GlobalSection(ExtensibilityAddIns) = postSolution
	EndGlobalSection
EndGlobal
