<?xml version="1.0" encoding="utf-8"?>
<Project ToolsVersion="16.0" xmlns="http://schemas.microsoft.com/developer/msbuild/2003">
  <ItemGroup>
    <ClCompile Include="C:\Users\joshf\Documents\Nodejs\Stream\gstream\src\main.cpp">
      <Filter>Source Files</Filter>
    </ClCompile>
  </ItemGroup>
  <ItemGroup>
    <CustomBuild Include="C:\Users\joshf\Documents\Nodejs\Stream\gstream\CmakeLists.txt" />
  </ItemGroup>
  <ItemGroup>
    <Filter Include="Source Files">
      <UniqueIdentifier>{CB87FEFD-A329-3C48-8126-FEA4C950D48E}</UniqueIdentifier>
    </Filter>
  </ItemGroup>
</Project>
